
Microsoft Visual Studio Solution File, Format Version 12.00
# Visual Studio 2012
Project("{2150E333-8FDC-42A3-9474-1A3956D46DE8}") = "Tests", "Tests", "{516C7BE3-0F30-4DB6-8041-5D3AF780EF45}"
EndProject
Project("{2150E333-8FDC-42A3-9474-1A3956D46DE8}") = "Presentation", "Presentation", "{22B3C87E-35A2-472D-BB66-152E4792D5F6}"
EndProject
Project("{2150E333-8FDC-42A3-9474-1A3956D46DE8}") = "Common", "Common", "{DD3B90A2-E293-4E00-9334-DBB9F02D2760}"
EndProject
Project("{2150E333-8FDC-42A3-9474-1A3956D46DE8}") = "Library", "Library", "{56BCAEC7-7525-4AE8-B0B1-1DDCDC91FD3B}"
EndProject
Project("{FAE04EC0-301F-11D3-BF4B-00C04F79EFBC}") = "WebUI", "Presentation\WebUI\WebUI.csproj", "{70EBAC6A-BD54-427D-8EC8-553555EF4D32}"
EndProject
Project("{2150E333-8FDC-42A3-9474-1A3956D46DE8}") = "Plugins", "Plugins", "{1A3ECD44-96D3-4453-90B6-1657922AE36D}"
EndProject
Project("{FAE04EC0-301F-11D3-BF4B-00C04F79EFBC}") = "BackendUI", "Presentation\BackendUI\BackendUI.csproj", "{1EC158A1-8193-4B73-AC04-9272EAE8DC41}"
EndProject
Project("{2150E333-8FDC-42A3-9474-1A3956D46DE8}") = ".nuget", ".nuget", "{7BD242AE-383B-4FD0-8877-676EFB218DAA}"
	ProjectSection(SolutionItems) = preProject
		.nuget\NuGet.Config = .nuget\NuGet.Config
		.nuget\NuGet.exe = .nuget\NuGet.exe
		.nuget\NuGet.targets = .nuget\NuGet.targets
	EndProjectSection
EndProject
Project("{FAE04EC0-301F-11D3-BF4B-00C04F79EFBC}") = "CoreContracts", "Library\CoreContracts\CoreContracts.csproj", "{C29DB59B-FEFF-4CCA-82C9-26C7D6AB4CA1}"
EndProject
Project("{FAE04EC0-301F-11D3-BF4B-00C04F79EFBC}") = "DataContracts", "Library\DataContracts\DataContracts.csproj", "{6A3EFB98-FF2D-4781-8AD0-E99FBAB94D8B}"
EndProject
Project("{FAE04EC0-301F-11D3-BF4B-00C04F79EFBC}") = "ServiceContracts", "Library\ServiceContracts\ServiceContracts.csproj", "{7D85FF8F-2497-4BE3-B2F8-6A5EAB326E93}"
EndProject
Project("{FAE04EC0-301F-11D3-BF4B-00C04F79EFBC}") = "Core", "Library\Core\Core.csproj", "{C845CF89-15B3-4C0B-87B2-2A5D08F905B3}"
EndProject
Project("{2150E333-8FDC-42A3-9474-1A3956D46DE8}") = "Sandbox", "Sandbox", "{91D52720-80E2-428D-BB2C-72D6D88BC2A3}"
EndProject
Project("{FAE04EC0-301F-11D3-BF4B-00C04F79EFBC}") = "CoreSandbox", "Sandbox\CoreSandbox\CoreSandbox.csproj", "{A5C7552E-BF3E-444A-B8DA-70E58C9737D7}"
EndProject
Project("{FAE04EC0-301F-11D3-BF4B-00C04F79EFBC}") = "Exceptions", "Common\Exceptions\Exceptions.csproj", "{46F4FC6D-E37E-45AE-B803-FA2FD0762D1F}"
EndProject
Project("{FAE04EC0-301F-11D3-BF4B-00C04F79EFBC}") = "AspectCore", "Library\AspectCore\AspectCore.csproj", "{48B5532D-D920-490A-980A-6409466747D2}"
EndProject
Project("{FAE04EC0-301F-11D3-BF4B-00C04F79EFBC}") = "ExceptionHandling", "Common\ExceptionHandling\ExceptionHandling.csproj", "{AF4711D4-1493-479A-9CE4-E1F50DD93879}"
EndProject
Project("{FAE04EC0-301F-11D3-BF4B-00C04F79EFBC}") = "ExceptionHandling.Logging", "Common\ExceptionHandling.Logging\ExceptionHandling.Logging.csproj", "{515F598F-5A4F-46F3-A79D-EAD79B3F7652}"
EndProject
Project("{FAE04EC0-301F-11D3-BF4B-00C04F79EFBC}") = "Utilities", "Common\Utilities\Utilities.csproj", "{6B86C8AF-F138-46C5-B101-71E870D0EC05}"
EndProject
Project("{FAE04EC0-301F-11D3-BF4B-00C04F79EFBC}") = "Configuration", "Common\Configuration\Configuration.csproj", "{AA032B1E-87D4-45EB-95E3-3AD935C0D3EF}"
EndProject
Project("{FAE04EC0-301F-11D3-BF4B-00C04F79EFBC}") = "Common.Tests", "Tests\Common.Tests\Common.Tests.csproj", "{B9A31023-9644-42C1-A29C-96FE8558B547}"
EndProject
Project("{FAE04EC0-301F-11D3-BF4B-00C04F79EFBC}") = "ExceptionHandlingSandbox", "Sandbox\ExceptionHandlingSandbox\ExceptionHandlingSandbox.csproj", "{8B342FC0-DF86-4534-B01C-CE90C4C33FAA}"
EndProject
Project("{FAE04EC0-301F-11D3-BF4B-00C04F79EFBC}") = "AspNetCore", "Presentation\AspNetCore\AspNetCore.csproj", "{73F352A0-74CE-4F65-8DD2-35B6A02ACE24}"
EndProject
Global
	GlobalSection(SolutionConfigurationPlatforms) = preSolution
		Debug|Any CPU = Debug|Any CPU
		Release|Any CPU = Release|Any CPU
	EndGlobalSection
	GlobalSection(ProjectConfigurationPlatforms) = postSolution
		{70EBAC6A-BD54-427D-8EC8-553555EF4D32}.Debug|Any CPU.ActiveCfg = Debug|Any CPU
		{70EBAC6A-BD54-427D-8EC8-553555EF4D32}.Debug|Any CPU.Build.0 = Debug|Any CPU
		{70EBAC6A-BD54-427D-8EC8-553555EF4D32}.Release|Any CPU.ActiveCfg = Release|Any CPU
		{70EBAC6A-BD54-427D-8EC8-553555EF4D32}.Release|Any CPU.Build.0 = Release|Any CPU
		{1EC158A1-8193-4B73-AC04-9272EAE8DC41}.Debug|Any CPU.ActiveCfg = Debug|Any CPU
		{1EC158A1-8193-4B73-AC04-9272EAE8DC41}.Debug|Any CPU.Build.0 = Debug|Any CPU
		{1EC158A1-8193-4B73-AC04-9272EAE8DC41}.Release|Any CPU.ActiveCfg = Release|Any CPU
		{1EC158A1-8193-4B73-AC04-9272EAE8DC41}.Release|Any CPU.Build.0 = Release|Any CPU
		{C29DB59B-FEFF-4CCA-82C9-26C7D6AB4CA1}.Debug|Any CPU.ActiveCfg = Debug|Any CPU
		{C29DB59B-FEFF-4CCA-82C9-26C7D6AB4CA1}.Debug|Any CPU.Build.0 = Debug|Any CPU
		{C29DB59B-FEFF-4CCA-82C9-26C7D6AB4CA1}.Release|Any CPU.ActiveCfg = Release|Any CPU
		{C29DB59B-FEFF-4CCA-82C9-26C7D6AB4CA1}.Release|Any CPU.Build.0 = Release|Any CPU
		{6A3EFB98-FF2D-4781-8AD0-E99FBAB94D8B}.Debug|Any CPU.ActiveCfg = Debug|Any CPU
		{6A3EFB98-FF2D-4781-8AD0-E99FBAB94D8B}.Debug|Any CPU.Build.0 = Debug|Any CPU
		{6A3EFB98-FF2D-4781-8AD0-E99FBAB94D8B}.Release|Any CPU.ActiveCfg = Release|Any CPU
		{6A3EFB98-FF2D-4781-8AD0-E99FBAB94D8B}.Release|Any CPU.Build.0 = Release|Any CPU
		{7D85FF8F-2497-4BE3-B2F8-6A5EAB326E93}.Debug|Any CPU.ActiveCfg = Debug|Any CPU
		{7D85FF8F-2497-4BE3-B2F8-6A5EAB326E93}.Debug|Any CPU.Build.0 = Debug|Any CPU
		{7D85FF8F-2497-4BE3-B2F8-6A5EAB326E93}.Release|Any CPU.ActiveCfg = Release|Any CPU
		{7D85FF8F-2497-4BE3-B2F8-6A5EAB326E93}.Release|Any CPU.Build.0 = Release|Any CPU
		{C845CF89-15B3-4C0B-87B2-2A5D08F905B3}.Debug|Any CPU.ActiveCfg = Debug|Any CPU
		{C845CF89-15B3-4C0B-87B2-2A5D08F905B3}.Debug|Any CPU.Build.0 = Debug|Any CPU
		{C845CF89-15B3-4C0B-87B2-2A5D08F905B3}.Release|Any CPU.ActiveCfg = Release|Any CPU
		{C845CF89-15B3-4C0B-87B2-2A5D08F905B3}.Release|Any CPU.Build.0 = Release|Any CPU
		{A5C7552E-BF3E-444A-B8DA-70E58C9737D7}.Debug|Any CPU.ActiveCfg = Debug|Any CPU
		{A5C7552E-BF3E-444A-B8DA-70E58C9737D7}.Debug|Any CPU.Build.0 = Debug|Any CPU
		{A5C7552E-BF3E-444A-B8DA-70E58C9737D7}.Release|Any CPU.ActiveCfg = Release|Any CPU
		{A5C7552E-BF3E-444A-B8DA-70E58C9737D7}.Release|Any CPU.Build.0 = Release|Any CPU
		{46F4FC6D-E37E-45AE-B803-FA2FD0762D1F}.Debug|Any CPU.ActiveCfg = Debug|Any CPU
		{46F4FC6D-E37E-45AE-B803-FA2FD0762D1F}.Debug|Any CPU.Build.0 = Debug|Any CPU
		{46F4FC6D-E37E-45AE-B803-FA2FD0762D1F}.Release|Any CPU.ActiveCfg = Release|Any CPU
		{46F4FC6D-E37E-45AE-B803-FA2FD0762D1F}.Release|Any CPU.Build.0 = Release|Any CPU
		{48B5532D-D920-490A-980A-6409466747D2}.Debug|Any CPU.ActiveCfg = Debug|Any CPU
		{48B5532D-D920-490A-980A-6409466747D2}.Debug|Any CPU.Build.0 = Debug|Any CPU
		{48B5532D-D920-490A-980A-6409466747D2}.Release|Any CPU.ActiveCfg = Release|Any CPU
		{48B5532D-D920-490A-980A-6409466747D2}.Release|Any CPU.Build.0 = Release|Any CPU
		{AF4711D4-1493-479A-9CE4-E1F50DD93879}.Debug|Any CPU.ActiveCfg = Debug|Any CPU
		{AF4711D4-1493-479A-9CE4-E1F50DD93879}.Debug|Any CPU.Build.0 = Debug|Any CPU
		{AF4711D4-1493-479A-9CE4-E1F50DD93879}.Release|Any CPU.ActiveCfg = Release|Any CPU
		{AF4711D4-1493-479A-9CE4-E1F50DD93879}.Release|Any CPU.Build.0 = Release|Any CPU
		{515F598F-5A4F-46F3-A79D-EAD79B3F7652}.Debug|Any CPU.ActiveCfg = Debug|Any CPU
		{515F598F-5A4F-46F3-A79D-EAD79B3F7652}.Debug|Any CPU.Build.0 = Debug|Any CPU
		{515F598F-5A4F-46F3-A79D-EAD79B3F7652}.Release|Any CPU.ActiveCfg = Release|Any CPU
		{515F598F-5A4F-46F3-A79D-EAD79B3F7652}.Release|Any CPU.Build.0 = Release|Any CPU
		{6B86C8AF-F138-46C5-B101-71E870D0EC05}.Debug|Any CPU.ActiveCfg = Debug|Any CPU
		{6B86C8AF-F138-46C5-B101-71E870D0EC05}.Debug|Any CPU.Build.0 = Debug|Any CPU
		{6B86C8AF-F138-46C5-B101-71E870D0EC05}.Release|Any CPU.ActiveCfg = Release|Any CPU
		{6B86C8AF-F138-46C5-B101-71E870D0EC05}.Release|Any CPU.Build.0 = Release|Any CPU
		{AA032B1E-87D4-45EB-95E3-3AD935C0D3EF}.Debug|Any CPU.ActiveCfg = Debug|Any CPU
		{AA032B1E-87D4-45EB-95E3-3AD935C0D3EF}.Debug|Any CPU.Build.0 = Debug|Any CPU
		{AA032B1E-87D4-45EB-95E3-3AD935C0D3EF}.Release|Any CPU.ActiveCfg = Release|Any CPU
		{AA032B1E-87D4-45EB-95E3-3AD935C0D3EF}.Release|Any CPU.Build.0 = Release|Any CPU
		{B9A31023-9644-42C1-A29C-96FE8558B547}.Debug|Any CPU.ActiveCfg = Debug|Any CPU
		{B9A31023-9644-42C1-A29C-96FE8558B547}.Debug|Any CPU.Build.0 = Debug|Any CPU
		{B9A31023-9644-42C1-A29C-96FE8558B547}.Release|Any CPU.ActiveCfg = Release|Any CPU
		{B9A31023-9644-42C1-A29C-96FE8558B547}.Release|Any CPU.Build.0 = Release|Any CPU
		{8B342FC0-DF86-4534-B01C-CE90C4C33FAA}.Debug|Any CPU.ActiveCfg = Debug|Any CPU
		{8B342FC0-DF86-4534-B01C-CE90C4C33FAA}.Debug|Any CPU.Build.0 = Debug|Any CPU
		{8B342FC0-DF86-4534-B01C-CE90C4C33FAA}.Release|Any CPU.ActiveCfg = Release|Any CPU
		{8B342FC0-DF86-4534-B01C-CE90C4C33FAA}.Release|Any CPU.Build.0 = Release|Any CPU
		{73F352A0-74CE-4F65-8DD2-35B6A02ACE24}.Debug|Any CPU.ActiveCfg = Debug|Any CPU
		{73F352A0-74CE-4F65-8DD2-35B6A02ACE24}.Debug|Any CPU.Build.0 = Debug|Any CPU
		{73F352A0-74CE-4F65-8DD2-35B6A02ACE24}.Release|Any CPU.ActiveCfg = Release|Any CPU
		{73F352A0-74CE-4F65-8DD2-35B6A02ACE24}.Release|Any CPU.Build.0 = Release|Any CPU
	EndGlobalSection
	GlobalSection(SolutionProperties) = preSolution
		HideSolutionNode = FALSE
	EndGlobalSection
	GlobalSection(NestedProjects) = preSolution
		{B9A31023-9644-42C1-A29C-96FE8558B547} = {516C7BE3-0F30-4DB6-8041-5D3AF780EF45}
		{70EBAC6A-BD54-427D-8EC8-553555EF4D32} = {22B3C87E-35A2-472D-BB66-152E4792D5F6}
		{1EC158A1-8193-4B73-AC04-9272EAE8DC41} = {22B3C87E-35A2-472D-BB66-152E4792D5F6}
		{73F352A0-74CE-4F65-8DD2-35B6A02ACE24} = {22B3C87E-35A2-472D-BB66-152E4792D5F6}
		{46F4FC6D-E37E-45AE-B803-FA2FD0762D1F} = {DD3B90A2-E293-4E00-9334-DBB9F02D2760}
		{AF4711D4-1493-479A-9CE4-E1F50DD93879} = {DD3B90A2-E293-4E00-9334-DBB9F02D2760}
		{515F598F-5A4F-46F3-A79D-EAD79B3F7652} = {DD3B90A2-E293-4E00-9334-DBB9F02D2760}
		{6B86C8AF-F138-46C5-B101-71E870D0EC05} = {DD3B90A2-E293-4E00-9334-DBB9F02D2760}
		{AA032B1E-87D4-45EB-95E3-3AD935C0D3EF} = {DD3B90A2-E293-4E00-9334-DBB9F02D2760}
		{C29DB59B-FEFF-4CCA-82C9-26C7D6AB4CA1} = {56BCAEC7-7525-4AE8-B0B1-1DDCDC91FD3B}
		{6A3EFB98-FF2D-4781-8AD0-E99FBAB94D8B} = {56BCAEC7-7525-4AE8-B0B1-1DDCDC91FD3B}
		{7D85FF8F-2497-4BE3-B2F8-6A5EAB326E93} = {56BCAEC7-7525-4AE8-B0B1-1DDCDC91FD3B}
		{C845CF89-15B3-4C0B-87B2-2A5D08F905B3} = {56BCAEC7-7525-4AE8-B0B1-1DDCDC91FD3B}
		{48B5532D-D920-490A-980A-6409466747D2} = {56BCAEC7-7525-4AE8-B0B1-1DDCDC91FD3B}
		{A5C7552E-BF3E-444A-B8DA-70E58C9737D7} = {91D52720-80E2-428D-BB2C-72D6D88BC2A3}
		{8B342FC0-DF86-4534-B01C-CE90C4C33FAA} = {91D52720-80E2-428D-BB2C-72D6D88BC2A3}
	EndGlobalSection
EndGlobal
